// !$*UTF8*$!
{
	archiveVersion = 1;
	classes = {
	};
	objectVersion = 56;
	objects = {

/* Begin PBXBuildFile section */
		4AC1F9AB2B6C50C3002DE64A /* AppDelegate.swift in Sources */ = {isa = PBXBuildFile; fileRef = 4AC1F9AA2B6C50C3002DE64A /* AppDelegate.swift */; };
		4AC1F9AD2B6C50C3002DE64A /* SceneDelegate.swift in Sources */ = {isa = PBXBuildFile; fileRef = 4AC1F9AC2B6C50C3002DE64A /* SceneDelegate.swift */; };
		4AC1F9AF2B6C50C3002DE64A /* ViewController.swift in Sources */ = {isa = PBXBuildFile; fileRef = 4AC1F9AE2B6C50C3002DE64A /* ViewController.swift */; };
		4AC1F9B22B6C50C3002DE64A /* Main.storyboard in Resources */ = {isa = PBXBuildFile; fileRef = 4AC1F9B02B6C50C3002DE64A /* Main.storyboard */; };
		4AC1F9B42B6C50C5002DE64A /* Assets.xcassets in Resources */ = {isa = PBXBuildFile; fileRef = 4AC1F9B32B6C50C5002DE64A /* Assets.xcassets */; };
		4AC1F9B72B6C50C5002DE64A /* LaunchScreen.storyboard in Resources */ = {isa = PBXBuildFile; fileRef = 4AC1F9B52B6C50C5002DE64A /* LaunchScreen.storyboard */; };
		4AC1F9C22B6C50C5002DE64A /* bmiAppTests.swift in Sources */ = {isa = PBXBuildFile; fileRef = 4AC1F9C12B6C50C5002DE64A /* bmiAppTests.swift */; };
		4AC1F9CC2B6C50C5002DE64A /* bmiAppUITests.swift in Sources */ = {isa = PBXBuildFile; fileRef = 4AC1F9CB2B6C50C5002DE64A /* bmiAppUITests.swift */; };
		4AC1F9CE2B6C50C5002DE64A /* bmiAppUITestsLaunchTests.swift in Sources */ = {isa = PBXBuildFile; fileRef = 4AC1F9CD2B6C50C5002DE64A /* bmiAppUITestsLaunchTests.swift */; };
/* End PBXBuildFile section */

/* Begin PBXContainerItemProxy section */
		4AC1F9BE2B6C50C5002DE64A /* PBXContainerItemProxy */ = {
			isa = PBXContainerItemProxy;
			containerPortal = 4AC1F99F2B6C50C3002DE64A /* Project object */;
			proxyType = 1;
			remoteGlobalIDString = 4AC1F9A62B6C50C3002DE64A;
			remoteInfo = bmiApp;
		};
		4AC1F9C82B6C50C5002DE64A /* PBXContainerItemProxy */ = {
			isa = PBXContainerItemProxy;
			containerPortal = 4AC1F99F2B6C50C3002DE64A /* Project object */;
			proxyType = 1;
			remoteGlobalIDString = 4AC1F9A62B6C50C3002DE64A;
			remoteInfo = bmiApp;
		};
/* End PBXContainerItemProxy section */

/* Begin PBXFileReference section */
		4AC1F9A72B6C50C3002DE64A /* bmiApp.app */ = {isa = PBXFileReference; explicitFileType = wrapper.application; includeInIndex = 0; path = bmiApp.app; sourceTree = BUILT_PRODUCTS_DIR; };
		4AC1F9AA2B6C50C3002DE64A /* AppDelegate.swift */ = {isa = PBXFileReference; lastKnownFileType = sourcecode.swift; path = AppDelegate.swift; sourceTree = "<group>"; };
		4AC1F9AC2B6C50C3002DE64A /* SceneDelegate.swift */ = {isa = PBXFileReference; lastKnownFileType = sourcecode.swift; path = SceneDelegate.swift; sourceTree = "<group>"; };
		4AC1F9AE2B6C50C3002DE64A /* ViewController.swift */ = {isa = PBXFileReference; lastKnownFileType = sourcecode.swift; path = ViewController.swift; sourceTree = "<group>"; };
		4AC1F9B12B6C50C3002DE64A /* Base */ = {isa = PBXFileReference; lastKnownFileType = file.storyboard; name = Base; path = Base.lproj/Main.storyboard; sourceTree = "<group>"; };
		4AC1F9B32B6C50C5002DE64A /* Assets.xcassets */ = {isa = PBXFileReference; lastKnownFileType = folder.assetcatalog; path = Assets.xcassets; sourceTree = "<group>"; };
		4AC1F9B62B6C50C5002DE64A /* Base */ = {isa = PBXFileReference; lastKnownFileType = file.storyboard; name = Base; path = Base.lproj/LaunchScreen.storyboard; sourceTree = "<group>"; };
		4AC1F9B82B6C50C5002DE64A /* Info.plist */ = {isa = PBXFileReference; lastKnownFileType = text.plist.xml; path = Info.plist; sourceTree = "<group>"; };
		4AC1F9BD2B6C50C5002DE64A /* bmiAppTests.xctest */ = {isa = PBXFileReference; explicitFileType = wrapper.cfbundle; includeInIndex = 0; path = bmiAppTests.xctest; sourceTree = BUILT_PRODUCTS_DIR; };
		4AC1F9C12B6C50C5002DE64A /* bmiAppTests.swift */ = {isa = PBXFileReference; lastKnownFileType = sourcecode.swift; path = bmiAppTests.swift; sourceTree = "<group>"; };
		4AC1F9C72B6C50C5002DE64A /* bmiAppUITests.xctest */ = {isa = PBXFileReference; explicitFileType = wrapper.cfbundle; includeInIndex = 0; path = bmiAppUITests.xctest; sourceTree = BUILT_PRODUCTS_DIR; };
		4AC1F9CB2B6C50C5002DE64A /* bmiAppUITests.swift */ = {isa = PBXFileReference; lastKnownFileType = sourcecode.swift; path = bmiAppUITests.swift; sourceTree = "<group>"; };
		4AC1F9CD2B6C50C5002DE64A /* bmiAppUITestsLaunchTests.swift */ = {isa = PBXFileReference; lastKnownFileType = sourcecode.swift; path = bmiAppUITestsLaunchTests.swift; sourceTree = "<group>"; };
/* End PBXFileReference section */

/* Begin PBXFrameworksBuildPhase section */
		4AC1F9A42B6C50C3002DE64A /* Frameworks */ = {
			isa = PBXFrameworksBuildPhase;
			buildActionMask = 2147483647;
			files = (
			);
			runOnlyForDeploymentPostprocessing = 0;
		};
		4AC1F9BA2B6C50C5002DE64A /* Frameworks */ = {
			isa = PBXFrameworksBuildPhase;
			buildActionMask = 2147483647;
			files = (
			);
			runOnlyForDeploymentPostprocessing = 0;
		};
		4AC1F9C42B6C50C5002DE64A /* Frameworks */ = {
			isa = PBXFrameworksBuildPhase;
			buildActionMask = 2147483647;
			files = (
			);
			runOnlyForDeploymentPostprocessing = 0;
		};
/* End PBXFrameworksBuildPhase section */

/* Begin PBXGroup section */
		4AC1F99E2B6C50C3002DE64A = {
			isa = PBXGroup;
			children = (
				4AC1F9A92B6C50C3002DE64A /* bmiApp */,
				4AC1F9C02B6C50C5002DE64A /* bmiAppTests */,
				4AC1F9CA2B6C50C5002DE64A /* bmiAppUITests */,
				4AC1F9A82B6C50C3002DE64A /* Products */,
			);
			sourceTree = "<group>";
		};
		4AC1F9A82B6C50C3002DE64A /* Products */ = {
			isa = PBXGroup;
			children = (
				4AC1F9A72B6C50C3002DE64A /* bmiApp.app */,
				4AC1F9BD2B6C50C5002DE64A /* bmiAppTests.xctest */,
				4AC1F9C72B6C50C5002DE64A /* bmiAppUITests.xctest */,
			);
			name = Products;
			sourceTree = "<group>";
		};
		4AC1F9A92B6C50C3002DE64A /* bmiApp */ = {
			isa = PBXGroup;
			children = (
				4AC1F9AA2B6C50C3002DE64A /* AppDelegate.swift */,
				4AC1F9AC2B6C50C3002DE64A /* SceneDelegate.swift */,
				4AC1F9AE2B6C50C3002DE64A /* ViewController.swift */,
				4AC1F9B02B6C50C3002DE64A /* Main.storyboard */,
				4AC1F9B32B6C50C5002DE64A /* Assets.xcassets */,
				4AC1F9B52B6C50C5002DE64A /* LaunchScreen.storyboard */,
				4AC1F9B82B6C50C5002DE64A /* Info.plist */,
			);
			path = bmiApp;
			sourceTree = "<group>";
		};
		4AC1F9C02B6C50C5002DE64A /* bmiAppTests */ = {
			isa = PBXGroup;
			children = (
				4AC1F9C12B6C50C5002DE64A /* bmiAppTests.swift */,
			);
			path = bmiAppTests;
			sourceTree = "<group>";
		};
		4AC1F9CA2B6C50C5002DE64A /* bmiAppUITests */ = {
			isa = PBXGroup;
			children = (
				4AC1F9CB2B6C50C5002DE64A /* bmiAppUITests.swift */,
				4AC1F9CD2B6C50C5002DE64A /* bmiAppUITestsLaunchTests.swift */,
			);
			path = bmiAppUITests;
			sourceTree = "<group>";
		};
/* End PBXGroup section */

/* Begin PBXNativeTarget section */
		4AC1F9A62B6C50C3002DE64A /* bmiApp */ = {
			isa = PBXNativeTarget;
			buildConfigurationList = 4AC1F9D12B6C50C5002DE64A /* Build configuration list for PBXNativeTarget "bmiApp" */;
			buildPhases = (
				4AC1F9A32B6C50C3002DE64A /* Sources */,
				4AC1F9A42B6C50C3002DE64A /* Frameworks */,
				4AC1F9A52B6C50C3002DE64A /* Resources */,
			);
			buildRules = (
			);
			dependencies = (
			);
			name = bmiApp;
			productName = bmiApp;
			productReference = 4AC1F9A72B6C50C3002DE64A /* bmiApp.app */;
			productType = "com.apple.product-type.application";
		};
		4AC1F9BC2B6C50C5002DE64A /* bmiAppTests */ = {
			isa = PBXNativeTarget;
			buildConfigurationList = 4AC1F9D42B6C50C5002DE64A /* Build configuration list for PBXNativeTarget "bmiAppTests" */;
			buildPhases = (
				4AC1F9B92B6C50C5002DE64A /* Sources */,
				4AC1F9BA2B6C50C5002DE64A /* Frameworks */,
				4AC1F9BB2B6C50C5002DE64A /* Resources */,
			);
			buildRules = (
			);
			dependencies = (
				4AC1F9BF2B6C50C5002DE64A /* PBXTargetDependency */,
			);
			name = bmiAppTests;
			productName = bmiAppTests;
			productReference = 4AC1F9BD2B6C50C5002DE64A /* bmiAppTests.xctest */;
			productType = "com.apple.product-type.bundle.unit-test";
		};
		4AC1F9C62B6C50C5002DE64A /* bmiAppUITests */ = {
			isa = PBXNativeTarget;
			buildConfigurationList = 4AC1F9D72B6C50C5002DE64A /* Build configuration list for PBXNativeTarget "bmiAppUITests" */;
			buildPhases = (
				4AC1F9C32B6C50C5002DE64A /* Sources */,
				4AC1F9C42B6C50C5002DE64A /* Frameworks */,
				4AC1F9C52B6C50C5002DE64A /* Resources */,
			);
			buildRules = (
			);
			dependencies = (
				4AC1F9C92B6C50C5002DE64A /* PBXTargetDependency */,
			);
			name = bmiAppUITests;
			productName = bmiAppUITests;
			productReference = 4AC1F9C72B6C50C5002DE64A /* bmiAppUITests.xctest */;
			productType = "com.apple.product-type.bundle.ui-testing";
		};
/* End PBXNativeTarget section */

/* Begin PBXProject section */
		4AC1F99F2B6C50C3002DE64A /* Project object */ = {
			isa = PBXProject;
			attributes = {
				BuildIndependentTargetsInParallel = 1;
				LastSwiftUpdateCheck = 1520;
				LastUpgradeCheck = 1520;
				TargetAttributes = {
					4AC1F9A62B6C50C3002DE64A = {
						CreatedOnToolsVersion = 15.2;
					};
					4AC1F9BC2B6C50C5002DE64A = {
						CreatedOnToolsVersion = 15.2;
						TestTargetID = 4AC1F9A62B6C50C3002DE64A;
					};
					4AC1F9C62B6C50C5002DE64A = {
						CreatedOnToolsVersion = 15.2;
						TestTargetID = 4AC1F9A62B6C50C3002DE64A;
					};
				};
			};
			buildConfigurationList = 4AC1F9A22B6C50C3002DE64A /* Build configuration list for PBXProject "bmiApp" */;
			compatibilityVersion = "Xcode 14.0";
			developmentRegion = en;
			hasScannedForEncodings = 0;
			knownRegions = (
				en,
				Base,
			);
			mainGroup = 4AC1F99E2B6C50C3002DE64A;
			productRefGroup = 4AC1F9A82B6C50C3002DE64A /* Products */;
			projectDirPath = "";
			projectRoot = "";
			targets = (
				4AC1F9A62B6C50C3002DE64A /* bmiApp */,
				4AC1F9BC2B6C50C5002DE64A /* bmiAppTests */,
				4AC1F9C62B6C50C5002DE64A /* bmiAppUITests */,
			);
		};
/* End PBXProject section */

/* Begin PBXResourcesBuildPhase section */
		4AC1F9A52B6C50C3002DE64A /* Resources */ = {
			isa = PBXResourcesBuildPhase;
			buildActionMask = 2147483647;
			files = (
				4AC1F9B72B6C50C5002DE64A /* LaunchScreen.storyboard in Resources */,
				4AC1F9B42B6C50C5002DE64A /* Assets.xcassets in Resources */,
				4AC1F9B22B6C50C3002DE64A /* Main.storyboard in Resources */,
			);
			runOnlyForDeploymentPostprocessing = 0;
		};
		4AC1F9BB2B6C50C5002DE64A /* Resources */ = {
			isa = PBXResourcesBuildPhase;
			buildActionMask = 2147483647;
			files = (
			);
			runOnlyForDeploymentPostprocessing = 0;
		};
		4AC1F9C52B6C50C5002DE64A /* Resources */ = {
			isa = PBXResourcesBuildPhase;
			buildActionMask = 2147483647;
			files = (
			);
			runOnlyForDeploymentPostprocessing = 0;
		};
/* End PBXResourcesBuildPhase section */

/* Begin PBXSourcesBuildPhase section */
		4AC1F9A32B6C50C3002DE64A /* Sources */ = {
			isa = PBXSourcesBuildPhase;
			buildActionMask = 2147483647;
			files = (
				4AC1F9AF2B6C50C3002DE64A /* ViewController.swift in Sources */,
				4AC1F9AB2B6C50C3002DE64A /* AppDelegate.swift in Sources */,
				4AC1F9AD2B6C50C3002DE64A /* SceneDelegate.swift in Sources */,
			);
			runOnlyForDeploymentPostprocessing = 0;
		};
		4AC1F9B92B6C50C5002DE64A /* Sources */ = {
			isa = PBXSourcesBuildPhase;
			buildActionMask = 2147483647;
			files = (
				4AC1F9C22B6C50C5002DE64A /* bmiAppTests.swift in Sources */,
			);
			runOnlyForDeploymentPostprocessing = 0;
		};
		4AC1F9C32B6C50C5002DE64A /* Sources */ = {
			isa = PBXSourcesBuildPhase;
			buildActionMask = 2147483647;
			files = (
				4AC1F9CC2B6C50C5002DE64A /* bmiAppUITests.swift in Sources */,
				4AC1F9CE2B6C50C5002DE64A /* bmiAppUITestsLaunchTests.swift in Sources */,
			);
			runOnlyForDeploymentPostprocessing = 0;
		};
/* End PBXSourcesBuildPhase section */

/* Begin PBXTargetDependency section */
		4AC1F9BF2B6C50C5002DE64A /* PBXTargetDependency */ = {
			isa = PBXTargetDependency;
			target = 4AC1F9A62B6C50C3002DE64A /* bmiApp */;
			targetProxy = 4AC1F9BE2B6C50C5002DE64A /* PBXContainerItemProxy */;
		};
		4AC1F9C92B6C50C5002DE64A /* PBXTargetDependency */ = {
			isa = PBXTargetDependency;
			target = 4AC1F9A62B6C50C3002DE64A /* bmiApp */;
			targetProxy = 4AC1F9C82B6C50C5002DE64A /* PBXContainerItemProxy */;
		};
/* End PBXTargetDependency section */

/* Begin PBXVariantGroup section */
		4AC1F9B02B6C50C3002DE64A /* Main.storyboard */ = {
			isa = PBXVariantGroup;
			children = (
				4AC1F9B12B6C50C3002DE64A /* Base */,
			);
			name = Main.storyboard;
			sourceTree = "<group>";
		};
		4AC1F9B52B6C50C5002DE64A /* LaunchScreen.storyboard */ = {
			isa = PBXVariantGroup;
			children = (
				4AC1F9B62B6C50C5002DE64A /* Base */,
			);
			name = LaunchScreen.storyboard;
			sourceTree = "<group>";
		};
/* End PBXVariantGroup section */

/* Begin XCBuildConfiguration section */
		4AC1F9CF2B6C50C5002DE64A /* Debug */ = {
			isa = XCBuildConfiguration;
			buildSettings = {
				ALWAYS_SEARCH_USER_PATHS = NO;
				ASSETCATALOG_COMPILER_GENERATE_SWIFT_ASSET_SYMBOL_EXTENSIONS = YES;
				CLANG_ANALYZER_NONNULL = YES;
				CLANG_ANALYZER_NUMBER_OBJECT_CONVERSION = YES_AGGRESSIVE;
				CLANG_CXX_LANGUAGE_STANDARD = "gnu++20";
				CLANG_ENABLE_MODULES = YES;
				CLANG_ENABLE_OBJC_ARC = YES;
				CLANG_ENABLE_OBJC_WEAK = YES;
				CLANG_WARN_BLOCK_CAPTURE_AUTORELEASING = YES;
				CLANG_WARN_BOOL_CONVERSION = YES;
				CLANG_WARN_COMMA = YES;
				CLANG_WARN_CONSTANT_CONVERSION = YES;
				CLANG_WARN_DEPRECATED_OBJC_IMPLEMENTATIONS = YES;
				CLANG_WARN_DIRECT_OBJC_ISA_USAGE = YES_ERROR;
				CLANG_WARN_DOCUMENTATION_COMMENTS = YES;
				CLANG_WARN_EMPTY_BODY = YES;
				CLANG_WARN_ENUM_CONVERSION = YES;
				CLANG_WARN_INFINITE_RECURSION = YES;
				CLANG_WARN_INT_CONVERSION = YES;
				CLANG_WARN_NON_LITERAL_NULL_CONVERSION = YES;
				CLANG_WARN_OBJC_IMPLICIT_RETAIN_SELF = YES;
				CLANG_WARN_OBJC_LITERAL_CONVERSION = YES;
				CLANG_WARN_OBJC_ROOT_CLASS = YES_ERROR;
				CLANG_WARN_QUOTED_INCLUDE_IN_FRAMEWORK_HEADER = YES;
				CLANG_WARN_RANGE_LOOP_ANALYSIS = YES;
				CLANG_WARN_STRICT_PROTOTYPES = YES;
				CLANG_WARN_SUSPICIOUS_MOVE = YES;
				CLANG_WARN_UNGUARDED_AVAILABILITY = YES_AGGRESSIVE;
				CLANG_WARN_UNREACHABLE_CODE = YES;
				CLANG_WARN__DUPLICATE_METHOD_MATCH = YES;
				COPY_PHASE_STRIP = NO;
				DEBUG_INFORMATION_FORMAT = dwarf;
				ENABLE_STRICT_OBJC_MSGSEND = YES;
				ENABLE_TESTABILITY = YES;
				ENABLE_USER_SCRIPT_SANDBOXING = YES;
				GCC_C_LANGUAGE_STANDARD = gnu17;
				GCC_DYNAMIC_NO_PIC = NO;
				GCC_NO_COMMON_BLOCKS = YES;
				GCC_OPTIMIZATION_LEVEL = 0;
				GCC_PREPROCESSOR_DEFINITIONS = (
					"DEBUG=1",
					"$(inherited)",
				);
				GCC_WARN_64_TO_32_BIT_CONVERSION = YES;
				GCC_WARN_ABOUT_RETURN_TYPE = YES_ERROR;
				GCC_WARN_UNDECLARED_SELECTOR = YES;
				GCC_WARN_UNINITIALIZED_AUTOS = YES_AGGRESSIVE;
				GCC_WARN_UNUSED_FUNCTION = YES;
				GCC_WARN_UNUSED_VARIABLE = YES;
				IPHONEOS_DEPLOYMENT_TARGET = 17.2;
				LOCALIZATION_PREFERS_STRING_CATALOGS = YES;
				MTL_ENABLE_DEBUG_INFO = INCLUDE_SOURCE;
				MTL_FAST_MATH = YES;
				ONLY_ACTIVE_ARCH = YES;
				SDKROOT = iphoneos;
				SWIFT_ACTIVE_COMPILATION_CONDITIONS = "DEBUG $(inherited)";
				SWIFT_OPTIMIZATION_LEVEL = "-Onone";
			};
			name = Debug;
		};
		4AC1F9D02B6C50C5002DE64A /* Release */ = {
			isa = XCBuildConfiguration;
			buildSettings = {
				ALWAYS_SEARCH_USER_PATHS = NO;
				ASSETCATALOG_COMPILER_GENERATE_SWIFT_ASSET_SYMBOL_EXTENSIONS = YES;
				CLANG_ANALYZER_NONNULL = YES;
				CLANG_ANALYZER_NUMBER_OBJECT_CONVERSION = YES_AGGRESSIVE;
				CLANG_CXX_LANGUAGE_STANDARD = "gnu++20";
				CLANG_ENABLE_MODULES = YES;
				CLANG_ENABLE_OBJC_ARC = YES;
				CLANG_ENABLE_OBJC_WEAK = YES;
				CLANG_WARN_BLOCK_CAPTURE_AUTORELEASING = YES;
				CLANG_WARN_BOOL_CONVERSION = YES;
				CLANG_WARN_COMMA = YES;
				CLANG_WARN_CONSTANT_CONVERSION = YES;
				CLANG_WARN_DEPRECATED_OBJC_IMPLEMENTATIONS = YES;
				CLANG_WARN_DIRECT_OBJC_ISA_USAGE = YES_ERROR;
				CLANG_WARN_DOCUMENTATION_COMMENTS = YES;
				CLANG_WARN_EMPTY_BODY = YES;
				CLANG_WARN_ENUM_CONVERSION = YES;
				CLANG_WARN_INFINITE_RECURSION = YES;
				CLANG_WARN_INT_CONVERSION = YES;
				CLANG_WARN_NON_LITERAL_NULL_CONVERSION = YES;
				CLANG_WARN_OBJC_IMPLICIT_RETAIN_SELF = YES;
				CLANG_WARN_OBJC_LITERAL_CONVERSION = YES;
				CLANG_WARN_OBJC_ROOT_CLASS = YES_ERROR;
				CLANG_WARN_QUOTED_INCLUDE_IN_FRAMEWORK_HEADER = YES;
				CLANG_WARN_RANGE_LOOP_ANALYSIS = YES;
				CLANG_WARN_STRICT_PROTOTYPES = YES;
				CLANG_WARN_SUSPICIOUS_MOVE = YES;
				CLANG_WARN_UNGUARDED_AVAILABILITY = YES_AGGRESSIVE;
				CLANG_WARN_UNREACHABLE_CODE = YES;
				CLANG_WARN__DUPLICATE_METHOD_MATCH = YES;
				COPY_PHASE_STRIP = NO;
				DEBUG_INFORMATION_FORMAT = "dwarf-with-dsym";
				ENABLE_NS_ASSERTIONS = NO;
				ENABLE_STRICT_OBJC_MSGSEND = YES;
				ENABLE_USER_SCRIPT_SANDBOXING = YES;
				GCC_C_LANGUAGE_STANDARD = gnu17;
				GCC_NO_COMMON_BLOCKS = YES;
				GCC_WARN_64_TO_32_BIT_CONVERSION = YES;
				GCC_WARN_ABOUT_RETURN_TYPE = YES_ERROR;
				GCC_WARN_UNDECLARED_SELECTOR = YES;
				GCC_WARN_UNINITIALIZED_AUTOS = YES_AGGRESSIVE;
				GCC_WARN_UNUSED_FUNCTION = YES;
				GCC_WARN_UNUSED_VARIABLE = YES;
				IPHONEOS_DEPLOYMENT_TARGET = 17.2;
				LOCALIZATION_PREFERS_STRING_CATALOGS = YES;
				MTL_ENABLE_DEBUG_INFO = NO;
				MTL_FAST_MATH = YES;
				SDKROOT = iphoneos;
				SWIFT_COMPILATION_MODE = wholemodule;
				VALIDATE_PRODUCT = YES;
			};
			name = Release;
		};
		4AC1F9D22B6C50C5002DE64A /* Debug */ = {
			isa = XCBuildConfiguration;
			buildSettings = {
				ASSETCATALOG_COMPILER_APPICON_NAME = AppIcon;
				ASSETCATALOG_COMPILER_GLOBAL_ACCENT_COLOR_NAME = AccentColor;
				CODE_SIGN_STYLE = Automatic;
				CURRENT_PROJECT_VERSION = 1;
				DEVELOPMENT_TEAM = YXJ9472HV5;
				GENERATE_INFOPLIST_FILE = YES;
				INFOPLIST_FILE = bmiApp/Info.plist;
				INFOPLIST_KEY_UIApplicationSupportsIndirectInputEvents = YES;
				INFOPLIST_KEY_UILaunchStoryboardName = LaunchScreen;
				INFOPLIST_KEY_UIMainStoryboardFile = Main;
				INFOPLIST_KEY_UISupportedInterfaceOrientations_iPad = "UIInterfaceOrientationPortrait UIInterfaceOrientationPortraitUpsideDown UIInterfaceOrientationLandscapeLeft UIInterfaceOrientationLandscapeRight";
				INFOPLIST_KEY_UISupportedInterfaceOrientations_iPhone = "UIInterfaceOrientationPortrait UIInterfaceOrientationLandscapeLeft UIInterfaceOrientationLandscapeRight";
				LD_RUNPATH_SEARCH_PATHS = (
					"$(inherited)",
					"@executable_path/Frameworks",
				);
				MARKETING_VERSION = 1.0;
				PRODUCT_BUNDLE_IDENTIFIER = com.MSB.bmiApp;
				PRODUCT_NAME = "$(TARGET_NAME)";
				SWIFT_EMIT_LOC_STRINGS = YES;
				SWIFT_VERSION = 5.0;
				TARGETED_DEVICE_FAMILY = "1,2";
			};
			name = Debug;
		};
		4AC1F9D32B6C50C5002DE64A /* Release */ = {
			isa = XCBuildConfiguration;
			buildSettings = {
				ASSETCATALOG_COMPILER_APPICON_NAME = AppIcon;
				ASSETCATALOG_COMPILER_GLOBAL_ACCENT_COLOR_NAME = AccentColor;
				CODE_SIGN_STYLE = Automatic;
				CURRENT_PROJECT_VERSION = 1;
				DEVELOPMENT_TEAM = YXJ9472HV5;
				GENERATE_INFOPLIST_FILE = YES;
				INFOPLIST_FILE = bmiApp/Info.plist;
				INFOPLIST_KEY_UIApplicationSupportsIndirectInputEvents = YES;
				INFOPLIST_KEY_UILaunchStoryboardName = LaunchScreen;
				INFOPLIST_KEY_UIMainStoryboardFile = Main;
				INFOPLIST_KEY_UISupportedInterfaceOrientations_iPad = "UIInterfaceOrientationPortrait UIInterfaceOrientationPortraitUpsideDown UIInterfaceOrientationLandscapeLeft UIInterfaceOrientationLandscapeRight";
				INFOPLIST_KEY_UISupportedInterfaceOrientations_iPhone = "UIInterfaceOrientationPortrait UIInterfaceOrientationLandscapeLeft UIInterfaceOrientationLandscapeRight";
				LD_RUNPATH_SEARCH_PATHS = (
					"$(inherited)",
					"@executable_path/Frameworks",
				);
				MARKETING_VERSION = 1.0;
				PRODUCT_BUNDLE_IDENTIFIER = com.MSB.bmiApp;
				PRODUCT_NAME = "$(TARGET_NAME)";
				SWIFT_EMIT_LOC_STRINGS = YES;
				SWIFT_VERSION = 5.0;
				TARGETED_DEVICE_FAMILY = "1,2";
			};
			name = Release;
		};
		4AC1F9D52B6C50C5002DE64A /* Debug */ = {
			isa = XCBuildConfiguration;
			buildSettings = {
				ALWAYS_EMBED_SWIFT_STANDARD_LIBRARIES = YES;
				BUNDLE_LOADER = "$(TEST_HOST)";
				CODE_SIGN_STYLE = Automatic;
				CURRENT_PROJECT_VERSION = 1;
				DEVELOPMENT_TEAM = YXJ9472HV5;
				GENERATE_INFOPLIST_FILE = YES;
				IPHONEOS_DEPLOYMENT_TARGET = 17.2;
				MARKETING_VERSION = 1.0;
				PRODUCT_BUNDLE_IDENTIFIER = com.MSB.bmiAppTests;
				PRODUCT_NAME = "$(TARGET_NAME)";
				SWIFT_EMIT_LOC_STRINGS = NO;
				SWIFT_VERSION = 5.0;
				TARGETED_DEVICE_FAMILY = "1,2";
				TEST_HOST = "$(BUILT_PRODUCTS_DIR)/bmiApp.app/$(BUNDLE_EXECUTABLE_FOLDER_PATH)/bmiApp";
			};
			name = Debug;
		};
		4AC1F9D62B6C50C5002DE64A /* Release */ = {
			isa = XCBuildConfiguration;
			buildSettings = {
				ALWAYS_EMBED_SWIFT_STANDARD_LIBRARIES = YES;
				BUNDLE_LOADER = "$(TEST_HOST)";
				CODE_SIGN_STYLE = Automatic;
				CURRENT_PROJECT_VERSION = 1;
				DEVELOPMENT_TEAM = YXJ9472HV5;
				GENERATE_INFOPLIST_FILE = YES;
				IPHONEOS_DEPLOYMENT_TARGET = 17.2;
				MARKETING_VERSION = 1.0;
				PRODUCT_BUNDLE_IDENTIFIER = com.MSB.bmiAppTests;
				PRODUCT_NAME = "$(TARGET_NAME)";
				SWIFT_EMIT_LOC_STRINGS = NO;
				SWIFT_VERSION = 5.0;
				TARGETED_DEVICE_FAMILY = "1,2";
				TEST_HOST = "$(BUILT_PRODUCTS_DIR)/bmiApp.app/$(BUNDLE_EXECUTABLE_FOLDER_PATH)/bmiApp";
			};
			name = Release;
		};
		4AC1F9D82B6C50C5002DE64A /* Debug */ = {
			isa = XCBuildConfiguration;
			buildSettings = {
				ALWAYS_EMBED_SWIFT_STANDARD_LIBRARIES = YES;
				CODE_SIGN_STYLE = Automatic;
				CURRENT_PROJECT_VERSION = 1;
				DEVELOPMENT_TEAM = YXJ9472HV5;
				GENERATE_INFOPLIST_FILE = YES;
				MARKETING_VERSION = 1.0;
				PRODUCT_BUNDLE_IDENTIFIER = com.MSB.bmiAppUITests;
				PRODUCT_NAME = "$(TARGET_NAME)";
				SWIFT_EMIT_LOC_STRINGS = NO;
				SWIFT_VERSION = 5.0;
				TARGETED_DEVICE_FAMILY = "1,2";
				TEST_TARGET_NAME = bmiApp;
			};
			name = Debug;
		};
		4AC1F9D92B6C50C5002DE64A /* Release */ = {
			isa = XCBuildConfiguration;
			buildSettings = {
				ALWAYS_EMBED_SWIFT_STANDARD_LIBRARIES = YES;
				CODE_SIGN_STYLE = Automatic;
				CURRENT_PROJECT_VERSION = 1;
				DEVELOPMENT_TEAM = YXJ9472HV5;
				GENERATE_INFOPLIST_FILE = YES;
				MARKETING_VERSION = 1.0;
				PRODUCT_BUNDLE_IDENTIFIER = com.MSB.bmiAppUITests;
				PRODUCT_NAME = "$(TARGET_NAME)";
				SWIFT_EMIT_LOC_STRINGS = NO;
				SWIFT_VERSION = 5.0;
				TARGETED_DEVICE_FAMILY = "1,2";
				TEST_TARGET_NAME = bmiApp;
			};
			name = Release;
		};
/* End XCBuildConfiguration section */

/* Begin XCConfigurationList section */
		4AC1F9A22B6C50C3002DE64A /* Build configuration list for PBXProject "bmiApp" */ = {
			isa = XCConfigurationList;
			buildConfigurations = (
				4AC1F9CF2B6C50C5002DE64A /* Debug */,
				4AC1F9D02B6C50C5002DE64A /* Release */,
			);
			defaultConfigurationIsVisible = 0;
			defaultConfigurationName = Release;
		};
		4AC1F9D12B6C50C5002DE64A /* Build configuration list for PBXNativeTarget "bmiApp" */ = {
			isa = XCConfigurationList;
			buildConfigurations = (
				4AC1F9D22B6C50C5002DE64A /* Debug */,
				4AC1F9D32B6C50C5002DE64A /* Release */,
			);
			defaultConfigurationIsVisible = 0;
			defaultConfigurationName = Release;
		};
		4AC1F9D42B6C50C5002DE64A /* Build configuration list for PBXNativeTarget "bmiAppTests" */ = {
			isa = XCConfigurationList;
			buildConfigurations = (
				4AC1F9D52B6C50C5002DE64A /* Debug */,
				4AC1F9D62B6C50C5002DE64A /* Release */,
			);
			defaultConfigurationIsVisible = 0;
			defaultConfigurationName = Release;
		};
		4AC1F9D72B6C50C5002DE64A /* Build configuration list for PBXNativeTarget "bmiAppUITests" */ = {
			isa = XCConfigurationList;
			buildConfigurations = (
				4AC1F9D82B6C50C5002DE64A /* Debug */,
				4AC1F9D92B6C50C5002DE64A /* Release */,
			);
			defaultConfigurationIsVisible = 0;
			defaultConfigurationName = Release;
		};
/* End XCConfigurationList section */
	};
	rootObject = 4AC1F99F2B6C50C3002DE64A /* Project object */;
}
